PODS:
  - SDWebImage (5.7.3):
    - SDWebImage/Core (= 5.7.3)
  - SDWebImage/Core (5.7.3)

DEPENDENCIES:
  - SDWebImage

SPEC REPOS:
  https://github.com/CocoaPods/Specs.git:
    - SDWebImage

SPEC CHECKSUMS:
  SDWebImage: 97351f6582ceca541ea294ba66a1fcb342a331c2

PODFILE CHECKSUM: dce0bc17f7ef27d7c4660225bc052da996909498

COCOAPODS: 1.9.1
